
Microsoft Visual Studio Solution File, Format Version 12.00
Project("{FAE04EC0-301F-11D3-BF4B-00C04F79EFBC}") = "BoslaAPI", "BoslaAPI\BoslaAPI.csproj", "{99A3BDA2-5B8C-40A6-BEFE-A5B94B750971}"
EndProject
Project("{2150E333-8FDC-42A3-9474-1A3956D46DE8}") = "Core", "Core", "{8C2C0D92-0097-4682-B339-52263A7B425C}"
EndProject
Project("{2150E333-8FDC-42A3-9474-1A3956D46DE8}") = "Infrastructure", "Infrastructure", "{8C18510F-A6D2-43E0-80ED-CA733ED33729}"
EndProject
Project("{FAE04EC0-301F-11D3-BF4B-00C04F79EFBC}") = "Domain", "Domain\Domain.csproj", "{75CF4954-952D-4517-BCE7-B8302DBCCBD0}"
EndProject
Project("{FAE04EC0-301F-11D3-BF4B-00C04F79EFBC}") = "Service", "Service\Service.csproj", "{9F51CFC5-34A4-4C2F-A726-2D8D1335CC3C}"
EndProject
Project("{FAE04EC0-301F-11D3-BF4B-00C04F79EFBC}") = "Service.Abstraction", "Service.Abstraction\Service.Abstraction.csproj", "{9B6DC207-9954-47BF-A7E6-33318C7EACF5}"
EndProject
Project("{FAE04EC0-301F-11D3-BF4B-00C04F79EFBC}") = "Presentation", "Presentation\Presentation.csproj", "{5667644B-0422-48F8-8E08-DD2E7F9A7377}"
EndProject
Project("{FAE04EC0-301F-11D3-BF4B-00C04F79EFBC}") = "Persistence", "Persistence\Persistence.csproj", "{72F7F9C5-A34C-430D-BF3D-4D151CDBBECD}"
EndProject
Project("{FAE04EC0-301F-11D3-BF4B-00C04F79EFBC}") = "Shared", "Shared\Shared.csproj", "{B85F0FBC-5CB5-445D-820D-D8EB48989FFC}"
EndProject
Global
	GlobalSection(SolutionConfigurationPlatforms) = preSolution
		Debug|Any CPU = Debug|Any CPU
		Release|Any CPU = Release|Any CPU
	EndGlobalSection
	GlobalSection(ProjectConfigurationPlatforms) = postSolution
		{99A3BDA2-5B8C-40A6-BEFE-A5B94B750971}.Debug|Any CPU.ActiveCfg = Debug|Any CPU
		{99A3BDA2-5B8C-40A6-BEFE-A5B94B750971}.Debug|Any CPU.Build.0 = Debug|Any CPU
		{99A3BDA2-5B8C-40A6-BEFE-A5B94B750971}.Release|Any CPU.ActiveCfg = Release|Any CPU
		{99A3BDA2-5B8C-40A6-BEFE-A5B94B750971}.Release|Any CPU.Build.0 = Release|Any CPU
		{75CF4954-952D-4517-BCE7-B8302DBCCBD0}.Debug|Any CPU.ActiveCfg = Debug|Any CPU
		{75CF4954-952D-4517-BCE7-B8302DBCCBD0}.Debug|Any CPU.Build.0 = Debug|Any CPU
		{75CF4954-952D-4517-BCE7-B8302DBCCBD0}.Release|Any CPU.ActiveCfg = Release|Any CPU
		{75CF4954-952D-4517-BCE7-B8302DBCCBD0}.Release|Any CPU.Build.0 = Release|Any CPU
		{9F51CFC5-34A4-4C2F-A726-2D8D1335CC3C}.Debug|Any CPU.ActiveCfg = Debug|Any CPU
		{9F51CFC5-34A4-4C2F-A726-2D8D1335CC3C}.Debug|Any CPU.Build.0 = Debug|Any CPU
		{9F51CFC5-34A4-4C2F-A726-2D8D1335CC3C}.Release|Any CPU.ActiveCfg = Release|Any CPU
		{9F51CFC5-34A4-4C2F-A726-2D8D1335CC3C}.Release|Any CPU.Build.0 = Release|Any CPU
		{9B6DC207-9954-47BF-A7E6-33318C7EACF5}.Debug|Any CPU.ActiveCfg = Debug|Any CPU
		{9B6DC207-9954-47BF-A7E6-33318C7EACF5}.Debug|Any CPU.Build.0 = Debug|Any CPU
		{9B6DC207-9954-47BF-A7E6-33318C7EACF5}.Release|Any CPU.ActiveCfg = Release|Any CPU
		{9B6DC207-9954-47BF-A7E6-33318C7EACF5}.Release|Any CPU.Build.0 = Release|Any CPU
		{5667644B-0422-48F8-8E08-DD2E7F9A7377}.Debug|Any CPU.ActiveCfg = Debug|Any CPU
		{5667644B-0422-48F8-8E08-DD2E7F9A7377}.Debug|Any CPU.Build.0 = Debug|Any CPU
		{5667644B-0422-48F8-8E08-DD2E7F9A7377}.Release|Any CPU.ActiveCfg = Release|Any CPU
		{5667644B-0422-48F8-8E08-DD2E7F9A7377}.Release|Any CPU.Build.0 = Release|Any CPU
		{72F7F9C5-A34C-430D-BF3D-4D151CDBBECD}.Debug|Any CPU.ActiveCfg = Debug|Any CPU
		{72F7F9C5-A34C-430D-BF3D-4D151CDBBECD}.Debug|Any CPU.Build.0 = Debug|Any CPU
		{72F7F9C5-A34C-430D-BF3D-4D151CDBBECD}.Release|Any CPU.ActiveCfg = Release|Any CPU
		{72F7F9C5-A34C-430D-BF3D-4D151CDBBECD}.Release|Any CPU.Build.0 = Release|Any CPU
		{B85F0FBC-5CB5-445D-820D-D8EB48989FFC}.Debug|Any CPU.ActiveCfg = Debug|Any CPU
		{B85F0FBC-5CB5-445D-820D-D8EB48989FFC}.Debug|Any CPU.Build.0 = Debug|Any CPU
		{B85F0FBC-5CB5-445D-820D-D8EB48989FFC}.Release|Any CPU.ActiveCfg = Release|Any CPU
		{B85F0FBC-5CB5-445D-820D-D8EB48989FFC}.Release|Any CPU.Build.0 = Release|Any CPU
	EndGlobalSection
	GlobalSection(NestedProjects) = preSolution
		{75CF4954-952D-4517-BCE7-B8302DBCCBD0} = {8C2C0D92-0097-4682-B339-52263A7B425C}
		{9F51CFC5-34A4-4C2F-A726-2D8D1335CC3C} = {8C2C0D92-0097-4682-B339-52263A7B425C}
		{9B6DC207-9954-47BF-A7E6-33318C7EACF5} = {8C2C0D92-0097-4682-B339-52263A7B425C}
		{5667644B-0422-48F8-8E08-DD2E7F9A7377} = {8C18510F-A6D2-43E0-80ED-CA733ED33729}
		{72F7F9C5-A34C-430D-BF3D-4D151CDBBECD} = {8C18510F-A6D2-43E0-80ED-CA733ED33729}
	EndGlobalSection
EndGlobal
